
Microsoft Visual Studio Solution File, Format Version 12.00
Project("{2150E333-8FDC-42A3-9474-1A3956D46DE8}") = "src", "src", "{F659C69A-FE83-4068-B95B-13B39BF4B2B7}"
EndProject
Project("{2150E333-8FDC-42A3-9474-1A3956D46DE8}") = "test", "test", "{6EBE7D54-D895-4476-8715-86A056430FE8}"
EndProject
Project("{FAE04EC0-301F-11D3-BF4B-00C04F79EFBC}") = "Scale.Encoders", "src\Scale.Encoders\Scale.Encoders.csproj", "{BE7D08D1-4BA6-45C1-9611-9ECEAC3EC6A6}"
EndProject
Project("{FAE04EC0-301F-11D3-BF4B-00C04F79EFBC}") = "Scale.Decoders", "src\Scale.Decoders\Scale.Decoders.csproj", "{08CE4198-B02D-4703-ACA0-4F2CB25D21E0}"
EndProject
Project("{FAE04EC0-301F-11D3-BF4B-00C04F79EFBC}") = "Scale.Core", "src\Scale.Core\Scale.Core.csproj", "{DB42F531-454C-47A1-B121-4C2567D80B54}"
EndProject
Project("{FAE04EC0-301F-11D3-BF4B-00C04F79EFBC}") = "Scale.Tests", "test\Scale.Tests\Scale.Tests.csproj", "{0DBE1F77-7EB2-44CC-AD5C-5CD1AF4649A4}"
EndProject
Project("{FAE04EC0-301F-11D3-BF4B-00C04F79EFBC}") = "Scale", "src\Scale\Scale.csproj", "{3FC46BE3-A457-4BAD-ADDE-BAE8461C243C}"
EndProject
Global
	GlobalSection(SolutionConfigurationPlatforms) = preSolution
		Debug|Any CPU = Debug|Any CPU
		Release|Any CPU = Release|Any CPU
	EndGlobalSection
	GlobalSection(NestedProjects) = preSolution
		{BE7D08D1-4BA6-45C1-9611-9ECEAC3EC6A6} = {F659C69A-FE83-4068-B95B-13B39BF4B2B7}
		{08CE4198-B02D-4703-ACA0-4F2CB25D21E0} = {F659C69A-FE83-4068-B95B-13B39BF4B2B7}
		{DB42F531-454C-47A1-B121-4C2567D80B54} = {F659C69A-FE83-4068-B95B-13B39BF4B2B7}
		{0DBE1F77-7EB2-44CC-AD5C-5CD1AF4649A4} = {6EBE7D54-D895-4476-8715-86A056430FE8}
		{3FC46BE3-A457-4BAD-ADDE-BAE8461C243C} = {F659C69A-FE83-4068-B95B-13B39BF4B2B7}
	EndGlobalSection
	GlobalSection(ProjectConfigurationPlatforms) = postSolution
		{BE7D08D1-4BA6-45C1-9611-9ECEAC3EC6A6}.Debug|Any CPU.ActiveCfg = Debug|Any CPU
		{BE7D08D1-4BA6-45C1-9611-9ECEAC3EC6A6}.Debug|Any CPU.Build.0 = Debug|Any CPU
		{BE7D08D1-4BA6-45C1-9611-9ECEAC3EC6A6}.Release|Any CPU.ActiveCfg = Release|Any CPU
		{BE7D08D1-4BA6-45C1-9611-9ECEAC3EC6A6}.Release|Any CPU.Build.0 = Release|Any CPU
		{08CE4198-B02D-4703-ACA0-4F2CB25D21E0}.Debug|Any CPU.ActiveCfg = Debug|Any CPU
		{08CE4198-B02D-4703-ACA0-4F2CB25D21E0}.Debug|Any CPU.Build.0 = Debug|Any CPU
		{08CE4198-B02D-4703-ACA0-4F2CB25D21E0}.Release|Any CPU.ActiveCfg = Release|Any CPU
		{08CE4198-B02D-4703-ACA0-4F2CB25D21E0}.Release|Any CPU.Build.0 = Release|Any CPU
		{DB42F531-454C-47A1-B121-4C2567D80B54}.Debug|Any CPU.ActiveCfg = Debug|Any CPU
		{DB42F531-454C-47A1-B121-4C2567D80B54}.Debug|Any CPU.Build.0 = Debug|Any CPU
		{DB42F531-454C-47A1-B121-4C2567D80B54}.Release|Any CPU.ActiveCfg = Release|Any CPU
		{DB42F531-454C-47A1-B121-4C2567D80B54}.Release|Any CPU.Build.0 = Release|Any CPU
		{0DBE1F77-7EB2-44CC-AD5C-5CD1AF4649A4}.Debug|Any CPU.ActiveCfg = Debug|Any CPU
		{0DBE1F77-7EB2-44CC-AD5C-5CD1AF4649A4}.Debug|Any CPU.Build.0 = Debug|Any CPU
		{0DBE1F77-7EB2-44CC-AD5C-5CD1AF4649A4}.Release|Any CPU.ActiveCfg = Release|Any CPU
		{0DBE1F77-7EB2-44CC-AD5C-5CD1AF4649A4}.Release|Any CPU.Build.0 = Release|Any CPU
		{3FC46BE3-A457-4BAD-ADDE-BAE8461C243C}.Debug|Any CPU.ActiveCfg = Debug|Any CPU
		{3FC46BE3-A457-4BAD-ADDE-BAE8461C243C}.Debug|Any CPU.Build.0 = Debug|Any CPU
		{3FC46BE3-A457-4BAD-ADDE-BAE8461C243C}.Release|Any CPU.ActiveCfg = Release|Any CPU
		{3FC46BE3-A457-4BAD-ADDE-BAE8461C243C}.Release|Any CPU.Build.0 = Release|Any CPU
	EndGlobalSection
EndGlobal
